
Microsoft Visual Studio Solution File, Format Version 12.00
# Visual Studio 15
VisualStudioVersion = 15.0.28010.2019
MinimumVisualStudioVersion = 10.0.40219.1
Project("{FAE04EC0-301F-11D3-BF4B-00C04F79EFBC}") = "WestminsterConfession.v1.Web", "WestminsterConfession.v1.Web\WestminsterConfession.v1.Web.csproj", "{3BA6A037-803F-48EF-9A70-071547CB600A}"
EndProject
Project("{FAE04EC0-301F-11D3-BF4B-00C04F79EFBC}") = "WestminsterConfession.v1.DB", "WestminsterConfession.v1.DB\WestminsterConfession.v1.DB.csproj", "{B7FBFC36-7DB5-441B-A361-9A7EFC1BECD2}"
EndProject
Global
	GlobalSection(SolutionConfigurationPlatforms) = preSolution
		Debug|Any CPU = Debug|Any CPU
		Release|Any CPU = Release|Any CPU
	EndGlobalSection
	GlobalSection(ProjectConfigurationPlatforms) = postSolution
		{3BA6A037-803F-48EF-9A70-071547CB600A}.Debug|Any CPU.ActiveCfg = Debug|Any CPU
		{3BA6A037-803F-48EF-9A70-071547CB600A}.Debug|Any CPU.Build.0 = Debug|Any CPU
		{3BA6A037-803F-48EF-9A70-071547CB600A}.Release|Any CPU.ActiveCfg = Release|Any CPU
		{3BA6A037-803F-48EF-9A70-071547CB600A}.Release|Any CPU.Build.0 = Release|Any CPU
		{B7FBFC36-7DB5-441B-A361-9A7EFC1BECD2}.Debug|Any CPU.ActiveCfg = Debug|Any CPU
		{B7FBFC36-7DB5-441B-A361-9A7EFC1BECD2}.Debug|Any CPU.Build.0 = Debug|Any CPU
		{B7FBFC36-7DB5-441B-A361-9A7EFC1BECD2}.Release|Any CPU.ActiveCfg = Release|Any CPU
		{B7FBFC36-7DB5-441B-A361-9A7EFC1BECD2}.Release|Any CPU.Build.0 = Release|Any CPU
	EndGlobalSection
	GlobalSection(SolutionProperties) = preSolution
		HideSolutionNode = FALSE
	EndGlobalSection
	GlobalSection(ExtensibilityGlobals) = postSolution
		SolutionGuid = {7D31EF3F-64D3-4147-B4A1-794DBC6D7D81}
	EndGlobalSection
EndGlobal
